
Microsoft Visual Studio Solution File, Format Version 11.00
# Visual Studio 2010
Project("{FAE04EC0-301F-11D3-BF4B-00C04F79EFBC}") = "Tanchi", "Assembly-CSharp.csproj", "{16C8BE49-902F-C4B5-4DED-B90CF1F0D90E}"
EndProject
Project("{FAE04EC0-301F-11D3-BF4B-00C04F79EFBC}") = "Tanchi", "Assembly-CSharp-Editor.csproj", "{B3F0E1DA-F269-166D-816E-9EDD45F656B5}"
EndProject
Global
	GlobalSection(SolutionConfigurationPlatforms) = preSolution
		Debug|Any CPU = Debug|Any CPU
		Release|Any CPU = Release|Any CPU
	EndGlobalSection
	GlobalSection(ProjectConfigurationPlatforms) = postSolution
		{16C8BE49-902F-C4B5-4DED-B90CF1F0D90E}.Debug|Any CPU.ActiveCfg = Debug|Any CPU
		{16C8BE49-902F-C4B5-4DED-B90CF1F0D90E}.Debug|Any CPU.Build.0 = Debug|Any CPU
		{16C8BE49-902F-C4B5-4DED-B90CF1F0D90E}.Release|Any CPU.ActiveCfg = Release|Any CPU
		{16C8BE49-902F-C4B5-4DED-B90CF1F0D90E}.Release|Any CPU.Build.0 = Release|Any CPU
		{B3F0E1DA-F269-166D-816E-9EDD45F656B5}.Debug|Any CPU.ActiveCfg = Debug|Any CPU
		{B3F0E1DA-F269-166D-816E-9EDD45F656B5}.Debug|Any CPU.Build.0 = Debug|Any CPU
		{B3F0E1DA-F269-166D-816E-9EDD45F656B5}.Release|Any CPU.ActiveCfg = Release|Any CPU
		{B3F0E1DA-F269-166D-816E-9EDD45F656B5}.Release|Any CPU.Build.0 = Release|Any CPU
	EndGlobalSection
	GlobalSection(SolutionProperties) = preSolution
		HideSolutionNode = FALSE
	EndGlobalSection
	GlobalSection(MonoDevelopProperties) = preSolution
		StartupItem = Assembly-CSharp.csproj
	EndGlobalSection
EndGlobal
